{
  "version": 4,
  "terraform_version": "1.6.2",
  "serial": 4,
  "lineage": "9b7f3141-d436-9a1c-4000-5a1fef403653",
  "outputs": {},
  "resources": [
    {
      "mode": "data",
      "type": "local_file",
      "name": "public_ssh_key",
      "provider": "provider[\"registry.terraform.io/hashicorp/local\"]",
      "instances": [
        {
          "schema_version": 0,
          "attributes": {
            "content": "ssh-rsa AAAAB3NzaC1yc2EAAAADAQABAAABgQCxDwYx29eBbZtYnG+KHU3sNE1M+uOT33+7izhx5wi9DCGKMbZt9SeCfCeFvFjQL5N9eEXP0aH1DjzAghkSKhteM4ykka8RKC7aJqOKL92oeSNblVVOLcKf70b+oRn2/rYwnkV8hKIiixqkC1QxV8SVX2jyqI/eZrB0dpD1b7qEcQKlyBGUvwJT0G9hUB9nb1Z5d8zsakv6qNZDjnhiVOu54ro6G5/aMnSTorz5cdNdawIsDdPxWh8cni2rJMJ+AQsbKltiS/wqS3eU9KdBM5ZoHkLO3fdXuJL4HWfvwErOiFsw4eNb+4Yt0WMRaZN793GWxoTQRJakSLPsBfcoC+afZoBENSB02Kv+hYUtAE3849UGnylobrkDmZHZ0Xf477/ZSDfndpwfP9C0wfYdKG/wZgO14W6R+GdZ9mmSvL4k94aHgkQpz7jS6COFsqTrOsyUYC+gL5HXaLUgud0nYl+bbV132mSlMEPyhVBxvfRvwYmO7IOcOl2iuQW1qbpIX8c= joaopedro@DM-004628\n",
            "content_base64": "c3NoLXJzYSBBQUFBQjNOemFDMXljMkVBQUFBREFRQUJBQUFCZ1FDeER3WXgyOWVCYlp0WW5HK0tIVTNzTkUxTSt1T1QzMys3aXpoeDV3aTlEQ0dLTWJadDlTZUNmQ2VGdkZqUUw1TjllRVhQMGFIMURqekFnaGtTS2h0ZU00eWtrYThSS0M3YUpxT0tMOTJvZVNOYmxWVk9MY0tmNzBiK29SbjIvcll3bmtWOGhLSWlpeHFrQzFReFY4U1ZYMmp5cUkvZVpyQjBkcEQxYjdxRWNRS2x5QkdVdndKVDBHOWhVQjluYjFaNWQ4enNha3Y2cU5aRGpuaGlWT3U1NHJvNkc1L2FNblNUb3J6NWNkTmRhd0lzRGRQeFdoOGNuaTJySk1KK0FRc2JLbHRpUy93cVMzZVU5S2RCTTVab0hrTE8zZmRYdUpMNEhXZnZ3RXJPaUZzdzRlTmIrNFl0MFdNUmFaTjc5M0dXeG9UUVJKYWtTTFBzQmZjb0MrYWZab0JFTlNCMDJLditoWVV0QUUzODQ5VUdueWxvYnJrRG1aSFowWGY0NzcvWlNEZm5kcHdmUDlDMHdmWWRLRy93WmdPMTRXNlIrR2RaOW1tU3ZMNGs5NGFIZ2tRcHo3alM2Q09Gc3FUck9zeVVZQytnTDVIWGFMVWd1ZDBuWWwrYmJWMTMybVNsTUVQeWhWQnh2ZlJ2d1ltTzdJT2NPbDJpdVFXMXFicElYOGM9IGpvYW9wZWRyb0BETS0wMDQ2MjgK",
            "content_base64sha256": "arcZ7cwxda4Q6WhlMkV1/kgzKQ/znujKZ7L06GDv/ag=",
            "content_base64sha512": "G2vm4IGhc+Z0CYkmSMkLEgGZxjkTBaOsKiRos6xZd1MoGqdsDWOhxhHuQJgxC2laylMFJFz0vRHqZ/V8wnoFfw==",
            "content_md5": "8a8d304b072ecf6d518baaf59d48e96d",
            "content_sha1": "86aa81ed1d6f24e83d07320b9cbdb03d5424e4e8",
            "content_sha256": "6ab719edcc3175ae10e96865324575fe4833290ff39ee8ca67b2f4e860effda8",
            "content_sha512": "1b6be6e081a173e67409892648c90b120199c6391305a3ac2a2468b3ac597753281aa76c0d63a1c611ee4098310b695aca5305245cf4bd11ea67f57cc27a057f",
            "filename": "/home/joaopedro/.ssh/id_rsa.pub",
            "id": "86aa81ed1d6f24e83d07320b9cbdb03d5424e4e8"
          },
          "sensitive_attributes": []
        }
      ]
    },
    {
      "mode": "managed",
      "type": "aws_instance",
      "name": "archbit",
      "provider": "provider[\"registry.terraform.io/hashicorp/aws\"]",
      "instances": [
        {
          "schema_version": 1,
          "attributes": {
            "ami": "ami-0fc5d935ebf8bc3bc",
            "arn": "arn:aws:ec2:us-east-1:393032728124:instance/i-089ca8785c82fe370",
            "associate_public_ip_address": true,
            "availability_zone": "us-east-1d",
            "capacity_reservation_specification": [
              {
                "capacity_reservation_preference": "open",
                "capacity_reservation_target": []
              }
            ],
            "cpu_core_count": 1,
            "cpu_options": [
              {
                "amd_sev_snp": "",
                "core_count": 1,
                "threads_per_core": 1
              }
            ],
            "cpu_threads_per_core": 1,
            "credit_specification": [
              {
                "cpu_credits": "standard"
              }
            ],
            "disable_api_stop": false,
            "disable_api_termination": false,
            "ebs_block_device": [],
            "ebs_optimized": false,
            "enclave_options": [
              {
                "enabled": false
              }
            ],
            "ephemeral_block_device": [],
            "get_password_data": false,
            "hibernation": false,
            "host_id": "",
            "host_resource_group_arn": null,
            "iam_instance_profile": "",
            "id": "i-089ca8785c82fe370",
            "instance_initiated_shutdown_behavior": "stop",
            "instance_state": "running",
            "instance_type": "t2.micro",
            "ipv6_address_count": 0,
            "ipv6_addresses": [],
            "key_name": "",
            "launch_template": [],
            "maintenance_options": [
              {
                "auto_recovery": "default"
              }
            ],
            "metadata_options": [
              {
                "http_endpoint": "enabled",
                "http_put_response_hop_limit": 1,
                "http_tokens": "optional",
                "instance_metadata_tags": "disabled"
              }
            ],
            "monitoring": false,
            "network_interface": [],
            "outpost_arn": "",
            "password_data": "",
            "placement_group": "",
            "placement_partition_number": 0,
            "primary_network_interface_id": "eni-0520b9746c640b20d",
            "private_dns": "ip-172-31-25-230.ec2.internal",
            "private_dns_name_options": [
              {
                "enable_resource_name_dns_a_record": false,
                "enable_resource_name_dns_aaaa_record": false,
                "hostname_type": "ip-name"
              }
            ],
            "private_ip": "172.31.25.230",
            "public_dns": "ec2-100-26-54-69.compute-1.amazonaws.com",
            "public_ip": "100.26.54.69",
            "root_block_device": [
              {
                "delete_on_termination": true,
                "device_name": "/dev/sda1",
                "encrypted": false,
                "iops": 100,
                "kms_key_id": "",
                "tags": {},
                "throughput": 0,
                "volume_id": "vol-0648c5948e998762a",
                "volume_size": 8,
                "volume_type": "gp2"
              }
            ],
            "secondary_private_ips": [],
            "security_groups": [
              "allow-access-sg"
            ],
            "source_dest_check": true,
            "subnet_id": "subnet-0e52fc21c39c10234",
            "tags": {
              "name": "archbit-ec2"
            },
            "tags_all": {
              "name": "archbit-ec2"
            },
            "tenancy": "default",
            "timeouts": null,
            "user_data": "e4d3a692292b49213c1aaf41dd8f6ca5e360f42b",
            "user_data_base64": null,
            "user_data_replace_on_change": false,
            "volume_tags": null,
            "vpc_security_group_ids": [
              "sg-091aeb88a34cf2365"
            ]
          },
          "sensitive_attributes": [],
          "private": "eyJlMmJmYjczMC1lY2FhLTExZTYtOGY4OC0zNDM2M2JjN2M0YzAiOnsiY3JlYXRlIjo2MDAwMDAwMDAwMDAsImRlbGV0ZSI6MTIwMDAwMDAwMDAwMCwidXBkYXRlIjo2MDAwMDAwMDAwMDB9LCJzY2hlbWFfdmVyc2lvbiI6IjEifQ==",
          "dependencies": [
            "aws_security_group.all_access",
            "data.local_file.public_ssh_key"
          ]
        }
      ]
    },
    {
      "mode": "managed",
      "type": "aws_security_group",
      "name": "all_access",
      "provider": "provider[\"registry.terraform.io/hashicorp/aws\"]",
      "instances": [
        {
          "schema_version": 1,
          "attributes": {
            "arn": "arn:aws:ec2:us-east-1:393032728124:security-group/sg-091aeb88a34cf2365",
            "description": "Managed by Terraform",
            "egress": [
              {
                "cidr_blocks": [
                  "0.0.0.0/0"
                ],
                "description": "",
                "from_port": 0,
                "ipv6_cidr_blocks": [],
                "prefix_list_ids": [],
                "protocol": "-1",
                "security_groups": [],
                "self": false,
                "to_port": 0
              }
            ],
            "id": "sg-091aeb88a34cf2365",
            "ingress": [
              {
                "cidr_blocks": [
                  "0.0.0.0/0"
                ],
                "description": "mongo",
                "from_port": 27017,
                "ipv6_cidr_blocks": [],
                "prefix_list_ids": [],
                "protocol": "tcp",
                "security_groups": [],
                "self": false,
                "to_port": 27017
              },
              {
                "cidr_blocks": [
                  "0.0.0.0/0"
                ],
                "description": "redis",
                "from_port": 6379,
                "ipv6_cidr_blocks": [],
                "prefix_list_ids": [],
                "protocol": "tcp",
                "security_groups": [],
                "self": false,
                "to_port": 6379
              },
              {
                "cidr_blocks": [
                  "0.0.0.0/0"
                ],
                "description": "ssh",
                "from_port": 22,
                "ipv6_cidr_blocks": [],
                "prefix_list_ids": [],
                "protocol": "tcp",
                "security_groups": [],
                "self": false,
                "to_port": 22
              }
            ],
            "name": "allow-access-sg",
            "name_prefix": "",
            "owner_id": "393032728124",
            "revoke_rules_on_delete": false,
            "tags": null,
            "tags_all": {},
            "timeouts": null,
            "vpc_id": "vpc-02d41201df227dd9f"
          },
          "sensitive_attributes": [],
          "private": "eyJlMmJmYjczMC1lY2FhLTExZTYtOGY4OC0zNDM2M2JjN2M0YzAiOnsiY3JlYXRlIjo2MDAwMDAwMDAwMDAsImRlbGV0ZSI6OTAwMDAwMDAwMDAwfSwic2NoZW1hX3ZlcnNpb24iOiIxIn0="
        }
      ]
    }
  ],
  "check_results": null
}
